{
  "version": "3",
  "packages": {
    "specifiers": {
      "jsr:@std/assert@^0.224.0": "jsr:@std/assert@0.224.0",
      "jsr:@std/encoding@^0.224.2": "jsr:@std/encoding@0.224.2",
      "jsr:@std/fmt@^0.224.0": "jsr:@std/fmt@0.224.0",
      "jsr:@std/fs@^0.224.0": "jsr:@std/fs@0.224.0",
      "jsr:@std/internal@^0.224.0": "jsr:@std/internal@0.224.0",
      "jsr:@std/path@^0.224.0": "jsr:@std/path@0.224.0",
      "jsr:@std/testing@^0.224.0": "jsr:@std/testing@0.224.0",
      "npm:effect@^3.2.5": "npm:effect@3.2.5",
      "npm:mdast@^3.0.0": "npm:mdast@3.0.0",
      "npm:remark-gfm@^4.0.0": "npm:remark-gfm@4.0.0",
      "npm:remark-parse@^11.0.0": "npm:remark-parse@11.0.0",
      "npm:remark-stringify@^11.0.0": "npm:remark-stringify@11.0.0",
      "npm:unified@^11.0.4": "npm:unified@11.0.4",
      "npm:unist-util-visit@^5.0.0": "npm:unist-util-visit@5.0.0"
    },
    "jsr": {
      "@std/assert@0.224.0": {
        "integrity": "8643233ec7aec38a940a8264a6e3eed9bfa44e7a71cc6b3c8874213ff401967f",
        "dependencies": [
          "jsr:@std/internal@^0.224.0"
        ]
      },
      "@std/encoding@0.224.2": {
        "integrity": "bd9ef45d6028296440005804db7fc8fcc86e72fc1a19bb77684fb39c4a613672"
      },
      "@std/fmt@0.224.0": {
        "integrity": "e20e9a2312a8b5393272c26191c0a68eda8d2c4b08b046bad1673148f1d69851"
      },
      "@std/fs@0.224.0": {
        "integrity": "52a5ec89731ac0ca8f971079339286f88c571a4d61686acf75833f03a89d8e69",
        "dependencies": [
          "jsr:@std/path@^0.224.0"
        ]
      },
      "@std/internal@0.224.0": {
        "integrity": "afc50644f9cdf4495eeb80523a8f6d27226b4b36c45c7c195dfccad4b8509291"
      },
      "@std/path@0.224.0": {
        "integrity": "55bca6361e5a6d158b9380e82d4981d82d338ec587de02951e2b7c3a24910ee6"
      },
      "@std/testing@0.224.0": {
        "integrity": "371b8a929aa7132240d5dd766a439be8f780ef5c176ab194e0bcab72370c761e",
        "dependencies": [
          "jsr:@std/assert@^0.224.0",
          "jsr:@std/fmt@^0.224.0",
          "jsr:@std/fs@^0.224.0",
          "jsr:@std/path@^0.224.0"
        ]
      }
    },
    "npm": {
      "@types/debug@4.1.12": {
        "integrity": "sha512-vIChWdVG3LG1SMxEvI/AK+FWJthlrqlTu7fbrlywTkkaONwk/UAGaULXRlf8vkzFBLVm0zkMdCquhL5aOjhXPQ==",
        "dependencies": {
          "@types/ms": "@types/ms@0.7.34"
        }
      },
      "@types/mdast@4.0.4": {
        "integrity": "sha512-kGaNbPh1k7AFzgpud/gMdvIm5xuECykRR+JnWKQno9TAXVa6WIVCGTPvYGekIDL4uwCZQSYbUxNBSb1aUo79oA==",
        "dependencies": {
          "@types/unist": "@types/unist@3.0.2"
        }
      },
      "@types/ms@0.7.34": {
        "integrity": "sha512-nG96G3Wp6acyAgJqGasjODb+acrI7KltPiRxzHPXnP3NgI28bpQDRv53olbqGXbfcgF5aiiHmO3xpwEpS5Ld9g==",
        "dependencies": {}
      },
      "@types/unist@3.0.2": {
        "integrity": "sha512-dqId9J8K/vGi5Zr7oo212BGii5m3q5Hxlkwy3WpYuKPklmBEvsbMYYyLxAQpSffdLl/gdW0XUpKWFvYmyoWCoQ==",
        "dependencies": {}
      },
      "bail@2.0.2": {
        "integrity": "sha512-0xO6mYd7JB2YesxDKplafRpsiOzPt9V02ddPCLbY1xYGPOX24NTyN50qnUxgCPcSoYMhKpAuBTjQoRZCAkUDRw==",
        "dependencies": {}
      },
      "ccount@2.0.1": {
        "integrity": "sha512-eyrF0jiFpY+3drT6383f1qhkbGsLSifNAjA61IUjZjmLCWjItY6LB9ft9YhoDgwfmclB2zhu51Lc7+95b8NRAg==",
        "dependencies": {}
      },
      "character-entities@2.0.2": {
        "integrity": "sha512-shx7oQ0Awen/BRIdkjkvz54PnEEI/EjwXDSIZp86/KKdbafHh1Df/RYGBhn4hbe2+uKC9FnT5UCEdyPz3ai9hQ==",
        "dependencies": {}
      },
      "debug@4.3.4": {
        "integrity": "sha512-PRWFHuSU3eDtQJPvnNY7Jcket1j0t5OuOsFzPPzsekD52Zl8qUfFIPEiswXqIvHWGVHOgX+7G/vCNNhehwxfkQ==",
        "dependencies": {
          "ms": "ms@2.1.2"
        }
      },
      "decode-named-character-reference@1.0.2": {
        "integrity": "sha512-O8x12RzrUF8xyVcY0KJowWsmaJxQbmy0/EtnNtHRpsOcT7dFk5W598coHqBVpmWo1oQQfsCqfCmkZN5DJrZVdg==",
        "dependencies": {
          "character-entities": "character-entities@2.0.2"
        }
      },
      "dequal@2.0.3": {
        "integrity": "sha512-0je+qPKHEMohvfRTCEo3CrPG6cAzAYgmzKyxRiYSSDkS6eGJdyVJm7WaYA5ECaAD9wLB2T4EEeymA5aFVcYXCA==",
        "dependencies": {}
      },
      "devlop@1.1.0": {
        "integrity": "sha512-RWmIqhcFf1lRYBvNmr7qTNuyCt/7/ns2jbpp1+PalgE/rDQcBT0fioSMUpJ93irlUhC5hrg4cYqe6U+0ImW0rA==",
        "dependencies": {
          "dequal": "dequal@2.0.3"
        }
      },
      "effect@3.2.5": {
        "integrity": "sha512-Qs/NAX2s/ClRATbiImc4IuzzAs+1RaFzZm7zRx9NKmLFnIeCC+h2LwkrOuprG3PsDM+g1IfPEFWvVbTSDKPnFA==",
        "dependencies": {}
      },
      "escape-string-regexp@5.0.0": {
        "integrity": "sha512-/veY75JbMK4j1yjvuUxuVsiS/hr/4iHs9FTT6cgTexxdE0Ly/glccBAkloH/DofkjRbZU3bnoj38mOmhkZ0lHw==",
        "dependencies": {}
      },
      "extend@3.0.2": {
        "integrity": "sha512-fjquC59cD7CyW6urNXK0FBufkZcoiGG80wTuPujX590cB5Ttln20E2UB4S/WARVqhXffZl2LNgS+gQdPIIim/g==",
        "dependencies": {}
      },
      "is-plain-obj@4.1.0": {
        "integrity": "sha512-+Pgi+vMuUNkJyExiMBt5IlFoMyKnr5zhJ4Uspz58WOhBF5QoIZkFyNHIbBAtHwzVAgk5RtndVNsDRN61/mmDqg==",
        "dependencies": {}
      },
      "longest-streak@3.1.0": {
        "integrity": "sha512-9Ri+o0JYgehTaVBBDoMqIl8GXtbWg711O3srftcHhZ0dqnETqLaoIK0x17fUw9rFSlK/0NlsKe0Ahhyl5pXE2g==",
        "dependencies": {}
      },
      "markdown-table@3.0.3": {
        "integrity": "sha512-Z1NL3Tb1M9wH4XESsCDEksWoKTdlUafKc4pt0GRwjUyXaCFZ+dc3g2erqB6zm3szA2IUSi7VnPI+o/9jnxh9hw==",
        "dependencies": {}
      },
      "mdast-util-find-and-replace@3.0.1": {
        "integrity": "sha512-SG21kZHGC3XRTSUhtofZkBzZTJNM5ecCi0SK2IMKmSXR8vO3peL+kb1O0z7Zl83jKtutG4k5Wv/W7V3/YHvzPA==",
        "dependencies": {
          "@types/mdast": "@types/mdast@4.0.4",
          "escape-string-regexp": "escape-string-regexp@5.0.0",
          "unist-util-is": "unist-util-is@6.0.0",
          "unist-util-visit-parents": "unist-util-visit-parents@6.0.1"
        }
      },
      "mdast-util-from-markdown@2.0.1": {
        "integrity": "sha512-aJEUyzZ6TzlsX2s5B4Of7lN7EQtAxvtradMMglCQDyaTFgse6CmtmdJ15ElnVRlCg1vpNyVtbem0PWzlNieZsA==",
        "dependencies": {
          "@types/mdast": "@types/mdast@4.0.4",
          "@types/unist": "@types/unist@3.0.2",
          "decode-named-character-reference": "decode-named-character-reference@1.0.2",
          "devlop": "devlop@1.1.0",
          "mdast-util-to-string": "mdast-util-to-string@4.0.0",
          "micromark": "micromark@4.0.0",
          "micromark-util-decode-numeric-character-reference": "micromark-util-decode-numeric-character-reference@2.0.1",
          "micromark-util-decode-string": "micromark-util-decode-string@2.0.0",
          "micromark-util-normalize-identifier": "micromark-util-normalize-identifier@2.0.0",
          "micromark-util-symbol": "micromark-util-symbol@2.0.0",
          "micromark-util-types": "micromark-util-types@2.0.0",
          "unist-util-stringify-position": "unist-util-stringify-position@4.0.0"
        }
      },
      "mdast-util-gfm-autolink-literal@2.0.0": {
        "integrity": "sha512-FyzMsduZZHSc3i0Px3PQcBT4WJY/X/RCtEJKuybiC6sjPqLv7h1yqAkmILZtuxMSsUyaLUWNp71+vQH2zqp5cg==",
        "dependencies": {
          "@types/mdast": "@types/mdast@4.0.4",
          "ccount": "ccount@2.0.1",
          "devlop": "devlop@1.1.0",
          "mdast-util-find-and-replace": "mdast-util-find-and-replace@3.0.1",
          "micromark-util-character": "micromark-util-character@2.1.0"
        }
      },
      "mdast-util-gfm-footnote@2.0.0": {
        "integrity": "sha512-5jOT2boTSVkMnQ7LTrd6n/18kqwjmuYqo7JUPe+tRCY6O7dAuTFMtTPauYYrMPpox9hlN0uOx/FL8XvEfG9/mQ==",
        "dependencies": {
          "@types/mdast": "@types/mdast@4.0.4",
          "devlop": "devlop@1.1.0",
          "mdast-util-from-markdown": "mdast-util-from-markdown@2.0.1",
          "mdast-util-to-markdown": "mdast-util-to-markdown@2.1.0",
          "micromark-util-normalize-identifier": "micromark-util-normalize-identifier@2.0.0"
        }
      },
      "mdast-util-gfm-strikethrough@2.0.0": {
        "integrity": "sha512-mKKb915TF+OC5ptj5bJ7WFRPdYtuHv0yTRxK2tJvi+BDqbkiG7h7u/9SI89nRAYcmap2xHQL9D+QG/6wSrTtXg==",
        "dependencies": {
          "@types/mdast": "@types/mdast@4.0.4",
          "mdast-util-from-markdown": "mdast-util-from-markdown@2.0.1",
          "mdast-util-to-markdown": "mdast-util-to-markdown@2.1.0"
        }
      },
      "mdast-util-gfm-table@2.0.0": {
        "integrity": "sha512-78UEvebzz/rJIxLvE7ZtDd/vIQ0RHv+3Mh5DR96p7cS7HsBhYIICDBCu8csTNWNO6tBWfqXPWekRuj2FNOGOZg==",
        "dependencies": {
          "@types/mdast": "@types/mdast@4.0.4",
          "devlop": "devlop@1.1.0",
          "markdown-table": "markdown-table@3.0.3",
          "mdast-util-from-markdown": "mdast-util-from-markdown@2.0.1",
          "mdast-util-to-markdown": "mdast-util-to-markdown@2.1.0"
        }
      },
      "mdast-util-gfm-task-list-item@2.0.0": {
        "integrity": "sha512-IrtvNvjxC1o06taBAVJznEnkiHxLFTzgonUdy8hzFVeDun0uTjxxrRGVaNFqkU1wJR3RBPEfsxmU6jDWPofrTQ==",
        "dependencies": {
          "@types/mdast": "@types/mdast@4.0.4",
          "devlop": "devlop@1.1.0",
          "mdast-util-from-markdown": "mdast-util-from-markdown@2.0.1",
          "mdast-util-to-markdown": "mdast-util-to-markdown@2.1.0"
        }
      },
      "mdast-util-gfm@3.0.0": {
        "integrity": "sha512-dgQEX5Amaq+DuUqf26jJqSK9qgixgd6rYDHAv4aTBuA92cTknZlKpPfa86Z/s8Dj8xsAQpFfBmPUHWJBWqS4Bw==",
        "dependencies": {
          "mdast-util-from-markdown": "mdast-util-from-markdown@2.0.1",
          "mdast-util-gfm-autolink-literal": "mdast-util-gfm-autolink-literal@2.0.0",
          "mdast-util-gfm-footnote": "mdast-util-gfm-footnote@2.0.0",
          "mdast-util-gfm-strikethrough": "mdast-util-gfm-strikethrough@2.0.0",
          "mdast-util-gfm-table": "mdast-util-gfm-table@2.0.0",
          "mdast-util-gfm-task-list-item": "mdast-util-gfm-task-list-item@2.0.0",
          "mdast-util-to-markdown": "mdast-util-to-markdown@2.1.0"
        }
      },
      "mdast-util-phrasing@4.1.0": {
        "integrity": "sha512-TqICwyvJJpBwvGAMZjj4J2n0X8QWp21b9l0o7eXyVJ25YNWYbJDVIyD1bZXE6WtV6RmKJVYmQAKWa0zWOABz2w==",
        "dependencies": {
          "@types/mdast": "@types/mdast@4.0.4",
          "unist-util-is": "unist-util-is@6.0.0"
        }
      },
      "mdast-util-to-markdown@2.1.0": {
        "integrity": "sha512-SR2VnIEdVNCJbP6y7kVTJgPLifdr8WEU440fQec7qHoHOUz/oJ2jmNRqdDQ3rbiStOXb2mCDGTuwsK5OPUgYlQ==",
        "dependencies": {
          "@types/mdast": "@types/mdast@4.0.4",
          "@types/unist": "@types/unist@3.0.2",
          "longest-streak": "longest-streak@3.1.0",
          "mdast-util-phrasing": "mdast-util-phrasing@4.1.0",
          "mdast-util-to-string": "mdast-util-to-string@4.0.0",
          "micromark-util-decode-string": "micromark-util-decode-string@2.0.0",
          "unist-util-visit": "unist-util-visit@5.0.0",
          "zwitch": "zwitch@2.0.4"
        }
      },
      "mdast-util-to-string@4.0.0": {
        "integrity": "sha512-0H44vDimn51F0YwvxSJSm0eCDOJTRlmN0R1yBh4HLj9wiV1Dn0QoXGbvFAWj2hSItVTlCmBF1hqKlIyUBVFLPg==",
        "dependencies": {
          "@types/mdast": "@types/mdast@4.0.4"
        }
      },
      "mdast@3.0.0": {
        "integrity": "sha512-xySmf8g4fPKMeC07jXGz971EkLbWAJ83s4US2Tj9lEdnZ142UP5grN73H1Xd3HzrdbU5o9GYYP/y8F9ZSwLE9g==",
        "dependencies": {}
      },
      "micromark-core-commonmark@2.0.1": {
        "integrity": "sha512-CUQyKr1e///ZODyD1U3xit6zXwy1a8q2a1S1HKtIlmgvurrEpaw/Y9y6KSIbF8P59cn/NjzHyO+Q2fAyYLQrAA==",
        "dependencies": {
          "decode-named-character-reference": "decode-named-character-reference@1.0.2",
          "devlop": "devlop@1.1.0",
          "micromark-factory-destination": "micromark-factory-destination@2.0.0",
          "micromark-factory-label": "micromark-factory-label@2.0.0",
          "micromark-factory-space": "micromark-factory-space@2.0.0",
          "micromark-factory-title": "micromark-factory-title@2.0.0",
          "micromark-factory-whitespace": "micromark-factory-whitespace@2.0.0",
          "micromark-util-character": "micromark-util-character@2.1.0",
          "micromark-util-chunked": "micromark-util-chunked@2.0.0",
          "micromark-util-classify-character": "micromark-util-classify-character@2.0.0",
          "micromark-util-html-tag-name": "micromark-util-html-tag-name@2.0.0",
          "micromark-util-normalize-identifier": "micromark-util-normalize-identifier@2.0.0",
          "micromark-util-resolve-all": "micromark-util-resolve-all@2.0.0",
          "micromark-util-subtokenize": "micromark-util-subtokenize@2.0.1",
          "micromark-util-symbol": "micromark-util-symbol@2.0.0",
          "micromark-util-types": "micromark-util-types@2.0.0"
        }
      },
      "micromark-extension-gfm-autolink-literal@2.0.0": {
        "integrity": "sha512-rTHfnpt/Q7dEAK1Y5ii0W8bhfJlVJFnJMHIPisfPK3gpVNuOP0VnRl96+YJ3RYWV/P4gFeQoGKNlT3RhuvpqAg==",
        "dependencies": {
          "micromark-util-character": "micromark-util-character@2.1.0",
          "micromark-util-sanitize-uri": "micromark-util-sanitize-uri@2.0.0",
          "micromark-util-symbol": "micromark-util-symbol@2.0.0",
          "micromark-util-types": "micromark-util-types@2.0.0"
        }
      },
      "micromark-extension-gfm-footnote@2.0.0": {
        "integrity": "sha512-6Rzu0CYRKDv3BfLAUnZsSlzx3ak6HAoI85KTiijuKIz5UxZxbUI+pD6oHgw+6UtQuiRwnGRhzMmPRv4smcz0fg==",
        "dependencies": {
          "devlop": "devlop@1.1.0",
          "micromark-core-commonmark": "micromark-core-commonmark@2.0.1",
          "micromark-factory-space": "micromark-factory-space@2.0.0",
          "micromark-util-character": "micromark-util-character@2.1.0",
          "micromark-util-normalize-identifier": "micromark-util-normalize-identifier@2.0.0",
          "micromark-util-sanitize-uri": "micromark-util-sanitize-uri@2.0.0",
          "micromark-util-symbol": "micromark-util-symbol@2.0.0",
          "micromark-util-types": "micromark-util-types@2.0.0"
        }
      },
      "micromark-extension-gfm-strikethrough@2.0.0": {
        "integrity": "sha512-c3BR1ClMp5fxxmwP6AoOY2fXO9U8uFMKs4ADD66ahLTNcwzSCyRVU4k7LPV5Nxo/VJiR4TdzxRQY2v3qIUceCw==",
        "dependencies": {
          "devlop": "devlop@1.1.0",
          "micromark-util-chunked": "micromark-util-chunked@2.0.0",
          "micromark-util-classify-character": "micromark-util-classify-character@2.0.0",
          "micromark-util-resolve-all": "micromark-util-resolve-all@2.0.0",
          "micromark-util-symbol": "micromark-util-symbol@2.0.0",
          "micromark-util-types": "micromark-util-types@2.0.0"
        }
      },
      "micromark-extension-gfm-table@2.0.0": {
        "integrity": "sha512-PoHlhypg1ItIucOaHmKE8fbin3vTLpDOUg8KAr8gRCF1MOZI9Nquq2i/44wFvviM4WuxJzc3demT8Y3dkfvYrw==",
        "dependencies": {
          "devlop": "devlop@1.1.0",
          "micromark-factory-space": "micromark-factory-space@2.0.0",
          "micromark-util-character": "micromark-util-character@2.1.0",
          "micromark-util-symbol": "micromark-util-symbol@2.0.0",
          "micromark-util-types": "micromark-util-types@2.0.0"
        }
      },
      "micromark-extension-gfm-tagfilter@2.0.0": {
        "integrity": "sha512-xHlTOmuCSotIA8TW1mDIM6X2O1SiX5P9IuDtqGonFhEK0qgRI4yeC6vMxEV2dgyr2TiD+2PQ10o+cOhdVAcwfg==",
        "dependencies": {
          "micromark-util-types": "micromark-util-types@2.0.0"
        }
      },
      "micromark-extension-gfm-task-list-item@2.0.1": {
        "integrity": "sha512-cY5PzGcnULaN5O7T+cOzfMoHjBW7j+T9D2sucA5d/KbsBTPcYdebm9zUd9zzdgJGCwahV+/W78Z3nbulBYVbTw==",
        "dependencies": {
          "devlop": "devlop@1.1.0",
          "micromark-factory-space": "micromark-factory-space@2.0.0",
          "micromark-util-character": "micromark-util-character@2.1.0",
          "micromark-util-symbol": "micromark-util-symbol@2.0.0",
          "micromark-util-types": "micromark-util-types@2.0.0"
        }
      },
      "micromark-extension-gfm@3.0.0": {
        "integrity": "sha512-vsKArQsicm7t0z2GugkCKtZehqUm31oeGBV/KVSorWSy8ZlNAv7ytjFhvaryUiCUJYqs+NoE6AFhpQvBTM6Q4w==",
        "dependencies": {
          "micromark-extension-gfm-autolink-literal": "micromark-extension-gfm-autolink-literal@2.0.0",
          "micromark-extension-gfm-footnote": "micromark-extension-gfm-footnote@2.0.0",
          "micromark-extension-gfm-strikethrough": "micromark-extension-gfm-strikethrough@2.0.0",
          "micromark-extension-gfm-table": "micromark-extension-gfm-table@2.0.0",
          "micromark-extension-gfm-tagfilter": "micromark-extension-gfm-tagfilter@2.0.0",
          "micromark-extension-gfm-task-list-item": "micromark-extension-gfm-task-list-item@2.0.1",
          "micromark-util-combine-extensions": "micromark-util-combine-extensions@2.0.0",
          "micromark-util-types": "micromark-util-types@2.0.0"
        }
      },
      "micromark-factory-destination@2.0.0": {
        "integrity": "sha512-j9DGrQLm/Uhl2tCzcbLhy5kXsgkHUrjJHg4fFAeoMRwJmJerT9aw4FEhIbZStWN8A3qMwOp1uzHr4UL8AInxtA==",
        "dependencies": {
          "micromark-util-character": "micromark-util-character@2.1.0",
          "micromark-util-symbol": "micromark-util-symbol@2.0.0",
          "micromark-util-types": "micromark-util-types@2.0.0"
        }
      },
      "micromark-factory-label@2.0.0": {
        "integrity": "sha512-RR3i96ohZGde//4WSe/dJsxOX6vxIg9TimLAS3i4EhBAFx8Sm5SmqVfR8E87DPSR31nEAjZfbt91OMZWcNgdZw==",
        "dependencies": {
          "devlop": "devlop@1.1.0",
          "micromark-util-character": "micromark-util-character@2.1.0",
          "micromark-util-symbol": "micromark-util-symbol@2.0.0",
          "micromark-util-types": "micromark-util-types@2.0.0"
        }
      },
      "micromark-factory-space@2.0.0": {
        "integrity": "sha512-TKr+LIDX2pkBJXFLzpyPyljzYK3MtmllMUMODTQJIUfDGncESaqB90db9IAUcz4AZAJFdd8U9zOp9ty1458rxg==",
        "dependencies": {
          "micromark-util-character": "micromark-util-character@2.1.0",
          "micromark-util-types": "micromark-util-types@2.0.0"
        }
      },
      "micromark-factory-title@2.0.0": {
        "integrity": "sha512-jY8CSxmpWLOxS+t8W+FG3Xigc0RDQA9bKMY/EwILvsesiRniiVMejYTE4wumNc2f4UbAa4WsHqe3J1QS1sli+A==",
        "dependencies": {
          "micromark-factory-space": "micromark-factory-space@2.0.0",
          "micromark-util-character": "micromark-util-character@2.1.0",
          "micromark-util-symbol": "micromark-util-symbol@2.0.0",
          "micromark-util-types": "micromark-util-types@2.0.0"
        }
      },
      "micromark-factory-whitespace@2.0.0": {
        "integrity": "sha512-28kbwaBjc5yAI1XadbdPYHX/eDnqaUFVikLwrO7FDnKG7lpgxnvk/XGRhX/PN0mOZ+dBSZ+LgunHS+6tYQAzhA==",
        "dependencies": {
          "micromark-factory-space": "micromark-factory-space@2.0.0",
          "micromark-util-character": "micromark-util-character@2.1.0",
          "micromark-util-symbol": "micromark-util-symbol@2.0.0",
          "micromark-util-types": "micromark-util-types@2.0.0"
        }
      },
      "micromark-util-character@2.1.0": {
        "integrity": "sha512-KvOVV+X1yLBfs9dCBSopq/+G1PcgT3lAK07mC4BzXi5E7ahzMAF8oIupDDJ6mievI6F+lAATkbQQlQixJfT3aQ==",
        "dependencies": {
          "micromark-util-symbol": "micromark-util-symbol@2.0.0",
          "micromark-util-types": "micromark-util-types@2.0.0"
        }
      },
      "micromark-util-chunked@2.0.0": {
        "integrity": "sha512-anK8SWmNphkXdaKgz5hJvGa7l00qmcaUQoMYsBwDlSKFKjc6gjGXPDw3FNL3Nbwq5L8gE+RCbGqTw49FK5Qyvg==",
        "dependencies": {
          "micromark-util-symbol": "micromark-util-symbol@2.0.0"
        }
      },
      "micromark-util-classify-character@2.0.0": {
        "integrity": "sha512-S0ze2R9GH+fu41FA7pbSqNWObo/kzwf8rN/+IGlW/4tC6oACOs8B++bh+i9bVyNnwCcuksbFwsBme5OCKXCwIw==",
        "dependencies": {
          "micromark-util-character": "micromark-util-character@2.1.0",
          "micromark-util-symbol": "micromark-util-symbol@2.0.0",
          "micromark-util-types": "micromark-util-types@2.0.0"
        }
      },
      "micromark-util-combine-extensions@2.0.0": {
        "integrity": "sha512-vZZio48k7ON0fVS3CUgFatWHoKbbLTK/rT7pzpJ4Bjp5JjkZeasRfrS9wsBdDJK2cJLHMckXZdzPSSr1B8a4oQ==",
        "dependencies": {
          "micromark-util-chunked": "micromark-util-chunked@2.0.0",
          "micromark-util-types": "micromark-util-types@2.0.0"
        }
      },
      "micromark-util-decode-numeric-character-reference@2.0.1": {
        "integrity": "sha512-bmkNc7z8Wn6kgjZmVHOX3SowGmVdhYS7yBpMnuMnPzDq/6xwVA604DuOXMZTO1lvq01g+Adfa0pE2UKGlxL1XQ==",
        "dependencies": {
          "micromark-util-symbol": "micromark-util-symbol@2.0.0"
        }
      },
      "micromark-util-decode-string@2.0.0": {
        "integrity": "sha512-r4Sc6leeUTn3P6gk20aFMj2ntPwn6qpDZqWvYmAG6NgvFTIlj4WtrAudLi65qYoaGdXYViXYw2pkmn7QnIFasA==",
        "dependencies": {
          "decode-named-character-reference": "decode-named-character-reference@1.0.2",
          "micromark-util-character": "micromark-util-character@2.1.0",
          "micromark-util-decode-numeric-character-reference": "micromark-util-decode-numeric-character-reference@2.0.1",
          "micromark-util-symbol": "micromark-util-symbol@2.0.0"
        }
      },
      "micromark-util-encode@2.0.0": {
        "integrity": "sha512-pS+ROfCXAGLWCOc8egcBvT0kf27GoWMqtdarNfDcjb6YLuV5cM3ioG45Ys2qOVqeqSbjaKg72vU+Wby3eddPsA==",
        "dependencies": {}
      },
      "micromark-util-html-tag-name@2.0.0": {
        "integrity": "sha512-xNn4Pqkj2puRhKdKTm8t1YHC/BAjx6CEwRFXntTaRf/x16aqka6ouVoutm+QdkISTlT7e2zU7U4ZdlDLJd2Mcw==",
        "dependencies": {}
      },
      "micromark-util-normalize-identifier@2.0.0": {
        "integrity": "sha512-2xhYT0sfo85FMrUPtHcPo2rrp1lwbDEEzpx7jiH2xXJLqBuy4H0GgXk5ToU8IEwoROtXuL8ND0ttVa4rNqYK3w==",
        "dependencies": {
          "micromark-util-symbol": "micromark-util-symbol@2.0.0"
        }
      },
      "micromark-util-resolve-all@2.0.0": {
        "integrity": "sha512-6KU6qO7DZ7GJkaCgwBNtplXCvGkJToU86ybBAUdavvgsCiG8lSSvYxr9MhwmQ+udpzywHsl4RpGJsYWG1pDOcA==",
        "dependencies": {
          "micromark-util-types": "micromark-util-types@2.0.0"
        }
      },
      "micromark-util-sanitize-uri@2.0.0": {
        "integrity": "sha512-WhYv5UEcZrbAtlsnPuChHUAsu/iBPOVaEVsntLBIdpibO0ddy8OzavZz3iL2xVvBZOpolujSliP65Kq0/7KIYw==",
        "dependencies": {
          "micromark-util-character": "micromark-util-character@2.1.0",
          "micromark-util-encode": "micromark-util-encode@2.0.0",
          "micromark-util-symbol": "micromark-util-symbol@2.0.0"
        }
      },
      "micromark-util-subtokenize@2.0.1": {
        "integrity": "sha512-jZNtiFl/1aY73yS3UGQkutD0UbhTt68qnRpw2Pifmz5wV9h8gOVsN70v+Lq/f1rKaU/W8pxRe8y8Q9FX1AOe1Q==",
        "dependencies": {
          "devlop": "devlop@1.1.0",
          "micromark-util-chunked": "micromark-util-chunked@2.0.0",
          "micromark-util-symbol": "micromark-util-symbol@2.0.0",
          "micromark-util-types": "micromark-util-types@2.0.0"
        }
      },
      "micromark-util-symbol@2.0.0": {
        "integrity": "sha512-8JZt9ElZ5kyTnO94muPxIGS8oyElRJaiJO8EzV6ZSyGQ1Is8xwl4Q45qU5UOg+bGH4AikWziz0iN4sFLWs8PGw==",
        "dependencies": {}
      },
      "micromark-util-types@2.0.0": {
        "integrity": "sha512-oNh6S2WMHWRZrmutsRmDDfkzKtxF+bc2VxLC9dvtrDIRFln627VsFP6fLMgTryGDljgLPjkrzQSDcPrjPyDJ5w==",
        "dependencies": {}
      },
      "micromark@4.0.0": {
        "integrity": "sha512-o/sd0nMof8kYff+TqcDx3VSrgBTcZpSvYcAHIfHhv5VAuNmisCxjhx6YmxS8PFEpb9z5WKWKPdzf0jM23ro3RQ==",
        "dependencies": {
          "@types/debug": "@types/debug@4.1.12",
          "debug": "debug@4.3.4",
          "decode-named-character-reference": "decode-named-character-reference@1.0.2",
          "devlop": "devlop@1.1.0",
          "micromark-core-commonmark": "micromark-core-commonmark@2.0.1",
          "micromark-factory-space": "micromark-factory-space@2.0.0",
          "micromark-util-character": "micromark-util-character@2.1.0",
          "micromark-util-chunked": "micromark-util-chunked@2.0.0",
          "micromark-util-combine-extensions": "micromark-util-combine-extensions@2.0.0",
          "micromark-util-decode-numeric-character-reference": "micromark-util-decode-numeric-character-reference@2.0.1",
          "micromark-util-encode": "micromark-util-encode@2.0.0",
          "micromark-util-normalize-identifier": "micromark-util-normalize-identifier@2.0.0",
          "micromark-util-resolve-all": "micromark-util-resolve-all@2.0.0",
          "micromark-util-sanitize-uri": "micromark-util-sanitize-uri@2.0.0",
          "micromark-util-subtokenize": "micromark-util-subtokenize@2.0.1",
          "micromark-util-symbol": "micromark-util-symbol@2.0.0",
          "micromark-util-types": "micromark-util-types@2.0.0"
        }
      },
      "ms@2.1.2": {
        "integrity": "sha512-sGkPx+VjMtmA6MX27oA4FBFELFCZZ4S4XqeGOXCv68tT+jb3vk/RyaKWP0PTKyWtmLSM0b+adUTEvbs1PEaH2w==",
        "dependencies": {}
      },
      "remark-gfm@4.0.0": {
        "integrity": "sha512-U92vJgBPkbw4Zfu/IiW2oTZLSL3Zpv+uI7My2eq8JxKgqraFdU8YUGicEJCEgSbeaG+QDFqIcwwfMTOEelPxuA==",
        "dependencies": {
          "@types/mdast": "@types/mdast@4.0.4",
          "mdast-util-gfm": "mdast-util-gfm@3.0.0",
          "micromark-extension-gfm": "micromark-extension-gfm@3.0.0",
          "remark-parse": "remark-parse@11.0.0",
          "remark-stringify": "remark-stringify@11.0.0",
          "unified": "unified@11.0.4"
        }
      },
      "remark-parse@11.0.0": {
        "integrity": "sha512-FCxlKLNGknS5ba/1lmpYijMUzX2esxW5xQqjWxw2eHFfS2MSdaHVINFmhjo+qN1WhZhNimq0dZATN9pH0IDrpA==",
        "dependencies": {
          "@types/mdast": "@types/mdast@4.0.4",
          "mdast-util-from-markdown": "mdast-util-from-markdown@2.0.1",
          "micromark-util-types": "micromark-util-types@2.0.0",
          "unified": "unified@11.0.4"
        }
      },
      "remark-stringify@11.0.0": {
        "integrity": "sha512-1OSmLd3awB/t8qdoEOMazZkNsfVTeY4fTsgzcQFdXNq8ToTN4ZGwrMnlda4K6smTFKD+GRV6O48i6Z4iKgPPpw==",
        "dependencies": {
          "@types/mdast": "@types/mdast@4.0.4",
          "mdast-util-to-markdown": "mdast-util-to-markdown@2.1.0",
          "unified": "unified@11.0.4"
        }
      },
      "trough@2.2.0": {
        "integrity": "sha512-tmMpK00BjZiUyVyvrBK7knerNgmgvcV/KLVyuma/SC+TQN167GrMRciANTz09+k3zW8L8t60jWO1GpfkZdjTaw==",
        "dependencies": {}
      },
      "unified@11.0.4": {
        "integrity": "sha512-apMPnyLjAX+ty4OrNap7yumyVAMlKx5IWU2wlzzUdYJO9A8f1p9m/gywF/GM2ZDFcjQPrx59Mc90KwmxsoklxQ==",
        "dependencies": {
          "@types/unist": "@types/unist@3.0.2",
          "bail": "bail@2.0.2",
          "devlop": "devlop@1.1.0",
          "extend": "extend@3.0.2",
          "is-plain-obj": "is-plain-obj@4.1.0",
          "trough": "trough@2.2.0",
          "vfile": "vfile@6.0.1"
        }
      },
      "unist-util-is@6.0.0": {
        "integrity": "sha512-2qCTHimwdxLfz+YzdGfkqNlH0tLi9xjTnHddPmJwtIG9MGsdbutfTc4P+haPD7l7Cjxf/WZj+we5qfVPvvxfYw==",
        "dependencies": {
          "@types/unist": "@types/unist@3.0.2"
        }
      },
      "unist-util-stringify-position@4.0.0": {
        "integrity": "sha512-0ASV06AAoKCDkS2+xw5RXJywruurpbC4JZSm7nr7MOt1ojAzvyyaO+UxZf18j8FCF6kmzCZKcAgN/yu2gm2XgQ==",
        "dependencies": {
          "@types/unist": "@types/unist@3.0.2"
        }
      },
      "unist-util-visit-parents@6.0.1": {
        "integrity": "sha512-L/PqWzfTP9lzzEa6CKs0k2nARxTdZduw3zyh8d2NVBnsyvHjSX4TWse388YrrQKbvI8w20fGjGlhgT96WwKykw==",
        "dependencies": {
          "@types/unist": "@types/unist@3.0.2",
          "unist-util-is": "unist-util-is@6.0.0"
        }
      },
      "unist-util-visit@5.0.0": {
        "integrity": "sha512-MR04uvD+07cwl/yhVuVWAtw+3GOR/knlL55Nd/wAdblk27GCVt3lqpTivy/tkJcZoNPzTwS1Y+KMojlLDhoTzg==",
        "dependencies": {
          "@types/unist": "@types/unist@3.0.2",
          "unist-util-is": "unist-util-is@6.0.0",
          "unist-util-visit-parents": "unist-util-visit-parents@6.0.1"
        }
      },
      "vfile-message@4.0.2": {
        "integrity": "sha512-jRDZ1IMLttGj41KcZvlrYAaI3CfqpLpfpf+Mfig13viT6NKvRzWZ+lXz0Y5D60w6uJIBAOGq9mSHf0gktF0duw==",
        "dependencies": {
          "@types/unist": "@types/unist@3.0.2",
          "unist-util-stringify-position": "unist-util-stringify-position@4.0.0"
        }
      },
      "vfile@6.0.1": {
        "integrity": "sha512-1bYqc7pt6NIADBJ98UiG0Bn/CHIVOoZ/IyEkqIruLg0mE1BKzkOXY2D6CSqQIcKqgadppE5lrxgWXJmXd7zZJw==",
        "dependencies": {
          "@types/unist": "@types/unist@3.0.2",
          "unist-util-stringify-position": "unist-util-stringify-position@4.0.0",
          "vfile-message": "vfile-message@4.0.2"
        }
      },
      "zwitch@2.0.4": {
        "integrity": "sha512-bXE4cR/kVZhKZX/RjPEflHaKVhUVl85noU3v6b8apfQEc1x4A+zBxjZ4lN8LqGd6WZ3dl98pY4o717VFmoPp+A==",
        "dependencies": {}
      }
    }
  },
  "remote": {},
  "workspace": {
    "dependencies": [
      "jsr:@std/encoding@^0.224.2",
      "jsr:@std/testing@^0.224.0",
      "npm:effect@^3.2.5",
      "npm:mdast@^3.0.0",
      "npm:remark-gfm@^4.0.0",
      "npm:remark-parse@^11.0.0",
      "npm:remark-stringify@^11.0.0",
      "npm:unified@^11.0.4",
      "npm:unist-util-visit@^5.0.0"
    ]
  }
}
